
Microsoft Visual Studio Solution File, Format Version 12.00
# Visual Studio Version 17
VisualStudioVersion = 17.14.36429.23 d17.14
MinimumVisualStudioVersion = 10.0.40219.1
Project("{8BC9CEB8-8B4A-11D0-8D11-00A0C91BC942}") = "Project0929", "Project0929.vcxproj", "{4CF35BFC-6DC6-44AD-88A2-BE0E439CC46B}"
EndProject
Global
	GlobalSection(SolutionConfigurationPlatforms) = preSolution
		Debug|x64 = Debug|x64
		Debug|x86 = Debug|x86
		Release|x64 = Release|x64
		Release|x86 = Release|x86
	EndGlobalSection
	GlobalSection(ProjectConfigurationPlatforms) = postSolution
		{4CF35BFC-6DC6-44AD-88A2-BE0E439CC46B}.Debug|x64.ActiveCfg = Debug|x64
		{4CF35BFC-6DC6-44AD-88A2-BE0E439CC46B}.Debug|x64.Build.0 = Debug|x64
		{4CF35BFC-6DC6-44AD-88A2-BE0E439CC46B}.Debug|x86.ActiveCfg = Debug|Win32
		{4CF35BFC-6DC6-44AD-88A2-BE0E439CC46B}.Debug|x86.Build.0 = Debug|Win32
		{4CF35BFC-6DC6-44AD-88A2-BE0E439CC46B}.Release|x64.ActiveCfg = Release|x64
		{4CF35BFC-6DC6-44AD-88A2-BE0E439CC46B}.Release|x64.Build.0 = Release|x64
		{4CF35BFC-6DC6-44AD-88A2-BE0E439CC46B}.Release|x86.ActiveCfg = Release|Win32
		{4CF35BFC-6DC6-44AD-88A2-BE0E439CC46B}.Release|x86.Build.0 = Release|Win32
	EndGlobalSection
	GlobalSection(SolutionProperties) = preSolution
		HideSolutionNode = FALSE
	EndGlobalSection
	GlobalSection(ExtensibilityGlobals) = postSolution
		SolutionGuid = {D36F7D22-E656-4342-ADA8-C397FDCE03D4}
	EndGlobalSection
EndGlobal
